// !$*UTF8*$!
{
	archiveVersion = 1;
	classes = {
	};
	objectVersion = 46;
	objects = {

/* Begin PBXBuildFile section */
		367E0DA81A1973EF007C90B5 /* AppDelegate.swift in Sources */ = {isa = PBXBuildFile; fileRef = 367E0DA71A1973EF007C90B5 /* AppDelegate.swift */; };
		367E0DAA1A1973EF007C90B5 /* MasterViewController.swift in Sources */ = {isa = PBXBuildFile; fileRef = 367E0DA91A1973EF007C90B5 /* MasterViewController.swift */; };
		367E0DAC1A1973EF007C90B5 /* DetailViewController.swift in Sources */ = {isa = PBXBuildFile; fileRef = 367E0DAB1A1973EF007C90B5 /* DetailViewController.swift */; };
		367E0DAF1A1973EF007C90B5 /* Main.storyboard in Resources */ = {isa = PBXBuildFile; fileRef = 367E0DAD1A1973EF007C90B5 /* Main.storyboard */; };
		367E0DB11A1973EF007C90B5 /* Images.xcassets in Resources */ = {isa = PBXBuildFile; fileRef = 367E0DB01A1973EF007C90B5 /* Images.xcassets */; };
		367E0DB41A1973EF007C90B5 /* LaunchScreen.xib in Resources */ = {isa = PBXBuildFile; fileRef = 367E0DB21A1973EF007C90B5 /* LaunchScreen.xib */; };
		367E0DC01A1973EF007C90B5 /* EdisonBLEConfigAppTests.swift in Sources */ = {isa = PBXBuildFile; fileRef = 367E0DBF1A1973EF007C90B5 /* EdisonBLEConfigAppTests.swift */; };
/* End PBXBuildFile section */

/* Begin PBXContainerItemProxy section */
		367E0DBA1A1973EF007C90B5 /* PBXContainerItemProxy */ = {
			isa = PBXContainerItemProxy;
			containerPortal = 367E0D9A1A1973EF007C90B5 /* Project object */;
			proxyType = 1;
			remoteGlobalIDString = 367E0DA11A1973EF007C90B5;
			remoteInfo = EdisonBLEConfigApp;
		};
/* End PBXContainerItemProxy section */

/* Begin PBXFileReference section */
		367E0DA21A1973EF007C90B5 /* EdisonBLEConfigApp.app */ = {isa = PBXFileReference; explicitFileType = wrapper.application; includeInIndex = 0; path = EdisonBLEConfigApp.app; sourceTree = BUILT_PRODUCTS_DIR; };
		367E0DA61A1973EF007C90B5 /* Info.plist */ = {isa = PBXFileReference; lastKnownFileType = text.plist.xml; path = Info.plist; sourceTree = "<group>"; };
		367E0DA71A1973EF007C90B5 /* AppDelegate.swift */ = {isa = PBXFileReference; lastKnownFileType = sourcecode.swift; path = AppDelegate.swift; sourceTree = "<group>"; };
		367E0DA91A1973EF007C90B5 /* MasterViewController.swift */ = {isa = PBXFileReference; lastKnownFileType = sourcecode.swift; path = MasterViewController.swift; sourceTree = "<group>"; };
		367E0DAB1A1973EF007C90B5 /* DetailViewController.swift */ = {isa = PBXFileReference; lastKnownFileType = sourcecode.swift; path = DetailViewController.swift; sourceTree = "<group>"; };
		367E0DAE1A1973EF007C90B5 /* Base */ = {isa = PBXFileReference; lastKnownFileType = file.storyboard; name = Base; path = Base.lproj/Main.storyboard; sourceTree = "<group>"; };
		367E0DB01A1973EF007C90B5 /* Images.xcassets */ = {isa = PBXFileReference; lastKnownFileType = folder.assetcatalog; path = Images.xcassets; sourceTree = "<group>"; };
		367E0DB31A1973EF007C90B5 /* Base */ = {isa = PBXFileReference; lastKnownFileType = file.xib; name = Base; path = Base.lproj/LaunchScreen.xib; sourceTree = "<group>"; };
		367E0DB91A1973EF007C90B5 /* EdisonBLEConfigAppTests.xctest */ = {isa = PBXFileReference; explicitFileType = wrapper.cfbundle; includeInIndex = 0; path = EdisonBLEConfigAppTests.xctest; sourceTree = BUILT_PRODUCTS_DIR; };
		367E0DBE1A1973EF007C90B5 /* Info.plist */ = {isa = PBXFileReference; lastKnownFileType = text.plist.xml; path = Info.plist; sourceTree = "<group>"; };
		367E0DBF1A1973EF007C90B5 /* EdisonBLEConfigAppTests.swift */ = {isa = PBXFileReference; lastKnownFileType = sourcecode.swift; path = EdisonBLEConfigAppTests.swift; sourceTree = "<group>"; };
/* End PBXFileReference section */

/* Begin PBXFrameworksBuildPhase section */
		367E0D9F1A1973EF007C90B5 /* Frameworks */ = {
			isa = PBXFrameworksBuildPhase;
			buildActionMask = 2147483647;
			files = (
			);
			runOnlyForDeploymentPostprocessing = 0;
		};
		367E0DB61A1973EF007C90B5 /* Frameworks */ = {
			isa = PBXFrameworksBuildPhase;
			buildActionMask = 2147483647;
			files = (
			);
			runOnlyForDeploymentPostprocessing = 0;
		};
/* End PBXFrameworksBuildPhase section */

/* Begin PBXGroup section */
		367E0D991A1973EF007C90B5 = {
			isa = PBXGroup;
			children = (
				367E0DA41A1973EF007C90B5 /* EdisonBLEConfigApp */,
				367E0DBC1A1973EF007C90B5 /* EdisonBLEConfigAppTests */,
				367E0DA31A1973EF007C90B5 /* Products */,
			);
			sourceTree = "<group>";
		};
		367E0DA31A1973EF007C90B5 /* Products */ = {
			isa = PBXGroup;
			children = (
				367E0DA21A1973EF007C90B5 /* EdisonBLEConfigApp.app */,
				367E0DB91A1973EF007C90B5 /* EdisonBLEConfigAppTests.xctest */,
			);
			name = Products;
			sourceTree = "<group>";
		};
		367E0DA41A1973EF007C90B5 /* EdisonBLEConfigApp */ = {
			isa = PBXGroup;
			children = (
				367E0DA71A1973EF007C90B5 /* AppDelegate.swift */,
				367E0DA91A1973EF007C90B5 /* MasterViewController.swift */,
				367E0DAB1A1973EF007C90B5 /* DetailViewController.swift */,
				367E0DAD1A1973EF007C90B5 /* Main.storyboard */,
				367E0DB01A1973EF007C90B5 /* Images.xcassets */,
				367E0DB21A1973EF007C90B5 /* LaunchScreen.xib */,
				367E0DA51A1973EF007C90B5 /* Supporting Files */,
			);
			path = EdisonBLEConfigApp;
			sourceTree = "<group>";
		};
		367E0DA51A1973EF007C90B5 /* Supporting Files */ = {
			isa = PBXGroup;
			children = (
				367E0DA61A1973EF007C90B5 /* Info.plist */,
			);
			name = "Supporting Files";
			sourceTree = "<group>";
		};
		367E0DBC1A1973EF007C90B5 /* EdisonBLEConfigAppTests */ = {
			isa = PBXGroup;
			children = (
				367E0DBF1A1973EF007C90B5 /* EdisonBLEConfigAppTests.swift */,
				367E0DBD1A1973EF007C90B5 /* Supporting Files */,
			);
			path = EdisonBLEConfigAppTests;
			sourceTree = "<group>";
		};
		367E0DBD1A1973EF007C90B5 /* Supporting Files */ = {
			isa = PBXGroup;
			children = (
				367E0DBE1A1973EF007C90B5 /* Info.plist */,
			);
			name = "Supporting Files";
			sourceTree = "<group>";
		};
/* End PBXGroup section */

/* Begin PBXNativeTarget section */
		367E0DA11A1973EF007C90B5 /* EdisonBLEConfigApp */ = {
			isa = PBXNativeTarget;
			buildConfigurationList = 367E0DC31A1973EF007C90B5 /* Build configuration list for PBXNativeTarget "EdisonBLEConfigApp" */;
			buildPhases = (
				367E0D9E1A1973EF007C90B5 /* Sources */,
				367E0D9F1A1973EF007C90B5 /* Frameworks */,
				367E0DA01A1973EF007C90B5 /* Resources */,
			);
			buildRules = (
			);
			dependencies = (
			);
			name = EdisonBLEConfigApp;
			productName = EdisonBLEConfigApp;
			productReference = 367E0DA21A1973EF007C90B5 /* EdisonBLEConfigApp.app */;
			productType = "com.apple.product-type.application";
		};
		367E0DB81A1973EF007C90B5 /* EdisonBLEConfigAppTests */ = {
			isa = PBXNativeTarget;
			buildConfigurationList = 367E0DC61A1973EF007C90B5 /* Build configuration list for PBXNativeTarget "EdisonBLEConfigAppTests" */;
			buildPhases = (
				367E0DB51A1973EF007C90B5 /* Sources */,
				367E0DB61A1973EF007C90B5 /* Frameworks */,
				367E0DB71A1973EF007C90B5 /* Resources */,
			);
			buildRules = (
			);
			dependencies = (
				367E0DBB1A1973EF007C90B5 /* PBXTargetDependency */,
			);
			name = EdisonBLEConfigAppTests;
			productName = EdisonBLEConfigAppTests;
			productReference = 367E0DB91A1973EF007C90B5 /* EdisonBLEConfigAppTests.xctest */;
			productType = "com.apple.product-type.bundle.unit-test";
		};
/* End PBXNativeTarget section */

/* Begin PBXProject section */
		367E0D9A1A1973EF007C90B5 /* Project object */ = {
			isa = PBXProject;
			attributes = {
				LastUpgradeCheck = 0610;
				ORGANIZATIONNAME = "Rex St John";
				TargetAttributes = {
					367E0DA11A1973EF007C90B5 = {
						CreatedOnToolsVersion = 6.1;
					};
					367E0DB81A1973EF007C90B5 = {
						CreatedOnToolsVersion = 6.1;
						TestTargetID = 367E0DA11A1973EF007C90B5;
					};
				};
			};
			buildConfigurationList = 367E0D9D1A1973EF007C90B5 /* Build configuration list for PBXProject "EdisonBLEConfigApp" */;
			compatibilityVersion = "Xcode 3.2";
			developmentRegion = English;
			hasScannedForEncodings = 0;
			knownRegions = (
				en,
				Base,
			);
			mainGroup = 367E0D991A1973EF007C90B5;
			productRefGroup = 367E0DA31A1973EF007C90B5 /* Products */;
			projectDirPath = "";
			projectRoot = "";
			targets = (
				367E0DA11A1973EF007C90B5 /* EdisonBLEConfigApp */,
				367E0DB81A1973EF007C90B5 /* EdisonBLEConfigAppTests */,
			);
		};
/* End PBXProject section */

/* Begin PBXResourcesBuildPhase section */
		367E0DA01A1973EF007C90B5 /* Resources */ = {
			isa = PBXResourcesBuildPhase;
			buildActionMask = 2147483647;
			files = (
				367E0DAF1A1973EF007C90B5 /* Main.storyboard in Resources */,
				367E0DB41A1973EF007C90B5 /* LaunchScreen.xib in Resources */,
				367E0DB11A1973EF007C90B5 /* Images.xcassets in Resources */,
			);
			runOnlyForDeploymentPostprocessing = 0;
		};
		367E0DB71A1973EF007C90B5 /* Resources */ = {
			isa = PBXResourcesBuildPhase;
			buildActionMask = 2147483647;
			files = (
			);
			runOnlyForDeploymentPostprocessing = 0;
		};
/* End PBXResourcesBuildPhase section */

/* Begin PBXSourcesBuildPhase section */
		367E0D9E1A1973EF007C90B5 /* Sources */ = {
			isa = PBXSourcesBuildPhase;
			buildActionMask = 2147483647;
			files = (
				367E0DAC1A1973EF007C90B5 /* DetailViewController.swift in Sources */,
				367E0DAA1A1973EF007C90B5 /* MasterViewController.swift in Sources */,
				367E0DA81A1973EF007C90B5 /* AppDelegate.swift in Sources */,
			);
			runOnlyForDeploymentPostprocessing = 0;
		};
		367E0DB51A1973EF007C90B5 /* Sources */ = {
			isa = PBXSourcesBuildPhase;
			buildActionMask = 2147483647;
			files = (
				367E0DC01A1973EF007C90B5 /* EdisonBLEConfigAppTests.swift in Sources */,
			);
			runOnlyForDeploymentPostprocessing = 0;
		};
/* End PBXSourcesBuildPhase section */

/* Begin PBXTargetDependency section */
		367E0DBB1A1973EF007C90B5 /* PBXTargetDependency */ = {
			isa = PBXTargetDependency;
			target = 367E0DA11A1973EF007C90B5 /* EdisonBLEConfigApp */;
			targetProxy = 367E0DBA1A1973EF007C90B5 /* PBXContainerItemProxy */;
		};
/* End PBXTargetDependency section */

/* Begin PBXVariantGroup section */
		367E0DAD1A1973EF007C90B5 /* Main.storyboard */ = {
			isa = PBXVariantGroup;
			children = (
				367E0DAE1A1973EF007C90B5 /* Base */,
			);
			name = Main.storyboard;
			sourceTree = "<group>";
		};
		367E0DB21A1973EF007C90B5 /* LaunchScreen.xib */ = {
			isa = PBXVariantGroup;
			children = (
				367E0DB31A1973EF007C90B5 /* Base */,
			);
			name = LaunchScreen.xib;
			sourceTree = "<group>";
		};
/* End PBXVariantGroup section */

/* Begin XCBuildConfiguration section */
		367E0DC11A1973EF007C90B5 /* Debug */ = {
			isa = XCBuildConfiguration;
			buildSettings = {
				ALWAYS_SEARCH_USER_PATHS = NO;
				CLANG_CXX_LANGUAGE_STANDARD = "gnu++0x";
				CLANG_CXX_LIBRARY = "libc++";
				CLANG_ENABLE_MODULES = YES;
				CLANG_ENABLE_OBJC_ARC = YES;
				CLANG_WARN_BOOL_CONVERSION = YES;
				CLANG_WARN_CONSTANT_CONVERSION = YES;
				CLANG_WARN_DIRECT_OBJC_ISA_USAGE = YES_ERROR;
				CLANG_WARN_EMPTY_BODY = YES;
				CLANG_WARN_ENUM_CONVERSION = YES;
				CLANG_WARN_INT_CONVERSION = YES;
				CLANG_WARN_OBJC_ROOT_CLASS = YES_ERROR;
				CLANG_WARN_UNREACHABLE_CODE = YES;
				CLANG_WARN__DUPLICATE_METHOD_MATCH = YES;
				"CODE_SIGN_IDENTITY[sdk=iphoneos*]" = "iPhone Developer";
				COPY_PHASE_STRIP = NO;
				ENABLE_STRICT_OBJC_MSGSEND = YES;
				GCC_C_LANGUAGE_STANDARD = gnu99;
				GCC_DYNAMIC_NO_PIC = NO;
				GCC_OPTIMIZATION_LEVEL = 0;
				GCC_PREPROCESSOR_DEFINITIONS = (
					"DEBUG=1",
					"$(inherited)",
				);
				GCC_SYMBOLS_PRIVATE_EXTERN = NO;
				GCC_WARN_64_TO_32_BIT_CONVERSION = YES;
				GCC_WARN_ABOUT_RETURN_TYPE = YES_ERROR;
				GCC_WARN_UNDECLARED_SELECTOR = YES;
				GCC_WARN_UNINITIALIZED_AUTOS = YES_AGGRESSIVE;
				GCC_WARN_UNUSED_FUNCTION = YES;
				GCC_WARN_UNUSED_VARIABLE = YES;
				IPHONEOS_DEPLOYMENT_TARGET = 8.1;
				MTL_ENABLE_DEBUG_INFO = YES;
				ONLY_ACTIVE_ARCH = YES;
				SDKROOT = iphoneos;
				SWIFT_OPTIMIZATION_LEVEL = "-Onone";
				TARGETED_DEVICE_FAMILY = "1,2";
			};
			name = Debug;
		};
		367E0DC21A1973EF007C90B5 /* Release */ = {
			isa = XCBuildConfiguration;
			buildSettings = {
				ALWAYS_SEARCH_USER_PATHS = NO;
				CLANG_CXX_LANGUAGE_STANDARD = "gnu++0x";
				CLANG_CXX_LIBRARY = "libc++";
				CLANG_ENABLE_MODULES = YES;
				CLANG_ENABLE_OBJC_ARC = YES;
				CLANG_WARN_BOOL_CONVERSION = YES;
				CLANG_WARN_CONSTANT_CONVERSION = YES;
				CLANG_WARN_DIRECT_OBJC_ISA_USAGE = YES_ERROR;
				CLANG_WARN_EMPTY_BODY = YES;
				CLANG_WARN_ENUM_CONVERSION = YES;
				CLANG_WARN_INT_CONVERSION = YES;
				CLANG_WARN_OBJC_ROOT_CLASS = YES_ERROR;
				CLANG_WARN_UNREACHABLE_CODE = YES;
				CLANG_WARN__DUPLICATE_METHOD_MATCH = YES;
				"CODE_SIGN_IDENTITY[sdk=iphoneos*]" = "iPhone Developer";
				COPY_PHASE_STRIP = YES;
				ENABLE_NS_ASSERTIONS = NO;
				ENABLE_STRICT_OBJC_MSGSEND = YES;
				GCC_C_LANGUAGE_STANDARD = gnu99;
				GCC_WARN_64_TO_32_BIT_CONVERSION = YES;
				GCC_WARN_ABOUT_RETURN_TYPE = YES_ERROR;
				GCC_WARN_UNDECLARED_SELECTOR = YES;
				GCC_WARN_UNINITIALIZED_AUTOS = YES_AGGRESSIVE;
				GCC_WARN_UNUSED_FUNCTION = YES;
				GCC_WARN_UNUSED_VARIABLE = YES;
				IPHONEOS_DEPLOYMENT_TARGET = 8.1;
				MTL_ENABLE_DEBUG_INFO = NO;
				SDKROOT = iphoneos;
				TARGETED_DEVICE_FAMILY = "1,2";
				VALIDATE_PRODUCT = YES;
			};
			name = Release;
		};
		367E0DC41A1973EF007C90B5 /* Debug */ = {
			isa = XCBuildConfiguration;
			buildSettings = {
				ASSETCATALOG_COMPILER_APPICON_NAME = AppIcon;
				INFOPLIST_FILE = EdisonBLEConfigApp/Info.plist;
				LD_RUNPATH_SEARCH_PATHS = "$(inherited) @executable_path/Frameworks";
				PRODUCT_NAME = "$(TARGET_NAME)";
			};
			name = Debug;
		};
		367E0DC51A1973EF007C90B5 /* Release */ = {
			isa = XCBuildConfiguration;
			buildSettings = {
				ASSETCATALOG_COMPILER_APPICON_NAME = AppIcon;
				INFOPLIST_FILE = EdisonBLEConfigApp/Info.plist;
				LD_RUNPATH_SEARCH_PATHS = "$(inherited) @executable_path/Frameworks";
				PRODUCT_NAME = "$(TARGET_NAME)";
			};
			name = Release;
		};
		367E0DC71A1973EF007C90B5 /* Debug */ = {
			isa = XCBuildConfiguration;
			buildSettings = {
				BUNDLE_LOADER = "$(TEST_HOST)";
				FRAMEWORK_SEARCH_PATHS = (
					"$(SDKROOT)/Developer/Library/Frameworks",
					"$(inherited)",
				);
				GCC_PREPROCESSOR_DEFINITIONS = (
					"DEBUG=1",
					"$(inherited)",
				);
				INFOPLIST_FILE = EdisonBLEConfigAppTests/Info.plist;
				LD_RUNPATH_SEARCH_PATHS = "$(inherited) @executable_path/Frameworks @loader_path/Frameworks";
				PRODUCT_NAME = "$(TARGET_NAME)";
				TEST_HOST = "$(BUILT_PRODUCTS_DIR)/EdisonBLEConfigApp.app/EdisonBLEConfigApp";
			};
			name = Debug;
		};
		367E0DC81A1973EF007C90B5 /* Release */ = {
			isa = XCBuildConfiguration;
			buildSettings = {
				BUNDLE_LOADER = "$(TEST_HOST)";
				FRAMEWORK_SEARCH_PATHS = (
					"$(SDKROOT)/Developer/Library/Frameworks",
					"$(inherited)",
				);
				INFOPLIST_FILE = EdisonBLEConfigAppTests/Info.plist;
				LD_RUNPATH_SEARCH_PATHS = "$(inherited) @executable_path/Frameworks @loader_path/Frameworks";
				PRODUCT_NAME = "$(TARGET_NAME)";
				TEST_HOST = "$(BUILT_PRODUCTS_DIR)/EdisonBLEConfigApp.app/EdisonBLEConfigApp";
			};
			name = Release;
		};
/* End XCBuildConfiguration section */

/* Begin XCConfigurationList section */
		367E0D9D1A1973EF007C90B5 /* Build configuration list for PBXProject "EdisonBLEConfigApp" */ = {
			isa = XCConfigurationList;
			buildConfigurations = (
				367E0DC11A1973EF007C90B5 /* Debug */,
				367E0DC21A1973EF007C90B5 /* Release */,
			);
			defaultConfigurationIsVisible = 0;
			defaultConfigurationName = Release;
		};
		367E0DC31A1973EF007C90B5 /* Build configuration list for PBXNativeTarget "EdisonBLEConfigApp" */ = {
			isa = XCConfigurationList;
			buildConfigurations = (
				367E0DC41A1973EF007C90B5 /* Debug */,
				367E0DC51A1973EF007C90B5 /* Release */,
			);
			defaultConfigurationIsVisible = 0;
		};
		367E0DC61A1973EF007C90B5 /* Build configuration list for PBXNativeTarget "EdisonBLEConfigAppTests" */ = {
			isa = XCConfigurationList;
			buildConfigurations = (
				367E0DC71A1973EF007C90B5 /* Debug */,
				367E0DC81A1973EF007C90B5 /* Release */,
			);
			defaultConfigurationIsVisible = 0;
		};
/* End XCConfigurationList section */
	};
	rootObject = 367E0D9A1A1973EF007C90B5 /* Project object */;
}
